
Microsoft Visual Studio Solution File, Format Version 12.00
# Visual Studio 14
VisualStudioVersion = 14.0.25420.1
MinimumVisualStudioVersion = 10.0.40219.1
Project("{FAE04EC0-301F-11D3-BF4B-00C04F79EFBC}") = "PortScan", "PortScan\PortScan.csproj", "{83FFCAEE-CEF9-44B6-B2BD-868E14854F0A}"
EndProject
Project("{FAE04EC0-301F-11D3-BF4B-00C04F79EFBC}") = "SimpleDayTimeServer", "SimpleDayTimeServer\SimpleDayTimeServer.csproj", "{41A81C76-318A-468A-B10A-35951F98776C}"
EndProject
Project("{FAE04EC0-301F-11D3-BF4B-00C04F79EFBC}") = "SimpleHttpServer", "SimpleHttpServer\SimpleHttpServer.csproj", "{7635F782-04CB-4061-BCC4-09559B5A40A7}"
EndProject
Project("{FAE04EC0-301F-11D3-BF4B-00C04F79EFBC}") = "RobotHttpServer", "RobotHttpServer\RobotHttpServer.csproj", "{477F5994-0989-4E4C-854B-CF62101DD6E2}"
EndProject
Global
	GlobalSection(SolutionConfigurationPlatforms) = preSolution
		Debug|Any CPU = Debug|Any CPU
		Release|Any CPU = Release|Any CPU
	EndGlobalSection
	GlobalSection(ProjectConfigurationPlatforms) = postSolution
		{83FFCAEE-CEF9-44B6-B2BD-868E14854F0A}.Debug|Any CPU.ActiveCfg = Debug|Any CPU
		{83FFCAEE-CEF9-44B6-B2BD-868E14854F0A}.Debug|Any CPU.Build.0 = Debug|Any CPU
		{83FFCAEE-CEF9-44B6-B2BD-868E14854F0A}.Release|Any CPU.ActiveCfg = Release|Any CPU
		{83FFCAEE-CEF9-44B6-B2BD-868E14854F0A}.Release|Any CPU.Build.0 = Release|Any CPU
		{41A81C76-318A-468A-B10A-35951F98776C}.Debug|Any CPU.ActiveCfg = Debug|Any CPU
		{41A81C76-318A-468A-B10A-35951F98776C}.Debug|Any CPU.Build.0 = Debug|Any CPU
		{41A81C76-318A-468A-B10A-35951F98776C}.Release|Any CPU.ActiveCfg = Release|Any CPU
		{41A81C76-318A-468A-B10A-35951F98776C}.Release|Any CPU.Build.0 = Release|Any CPU
		{7635F782-04CB-4061-BCC4-09559B5A40A7}.Debug|Any CPU.ActiveCfg = Debug|Any CPU
		{7635F782-04CB-4061-BCC4-09559B5A40A7}.Debug|Any CPU.Build.0 = Debug|Any CPU
		{7635F782-04CB-4061-BCC4-09559B5A40A7}.Release|Any CPU.ActiveCfg = Release|Any CPU
		{7635F782-04CB-4061-BCC4-09559B5A40A7}.Release|Any CPU.Build.0 = Release|Any CPU
		{477F5994-0989-4E4C-854B-CF62101DD6E2}.Debug|Any CPU.ActiveCfg = Debug|Any CPU
		{477F5994-0989-4E4C-854B-CF62101DD6E2}.Debug|Any CPU.Build.0 = Debug|Any CPU
		{477F5994-0989-4E4C-854B-CF62101DD6E2}.Debug|Any CPU.Deploy.0 = Debug|Any CPU
		{477F5994-0989-4E4C-854B-CF62101DD6E2}.Release|Any CPU.ActiveCfg = Release|Any CPU
		{477F5994-0989-4E4C-854B-CF62101DD6E2}.Release|Any CPU.Build.0 = Release|Any CPU
		{477F5994-0989-4E4C-854B-CF62101DD6E2}.Release|Any CPU.Deploy.0 = Release|Any CPU
	EndGlobalSection
	GlobalSection(SolutionProperties) = preSolution
		HideSolutionNode = FALSE
	EndGlobalSection
EndGlobal
